{
  "name": "app.env",
  "version": "1.0.0",
  "lockfileVersion": 1,
  "requires": true,
  "dependencies": {
    "@tsconfig/recommended": {
      "version": "1.0.1",
      "resolved": "https://registry.npmjs.org/@tsconfig/recommended/-/recommended-1.0.1.tgz",
      "integrity": "sha512-2xN+iGTbPBEzGSnVp/Hd64vKJCJWxsi9gfs88x4PPMyEjHJoA3o5BY9r5OLPHIZU2pAQxkSAsJFqn6itClP8mQ==",
      "dev": true
    },
    "@types/node": {
      "version": "14.14.12",
      "resolved": "https://registry.npmjs.org/@types/node/-/node-14.14.12.tgz",
      "integrity": "sha512-ASH8OPHMNlkdjrEdmoILmzFfsJICvhBsFfAum4aKZ/9U4B6M6tTmTPh+f3ttWdD74CEGV5XvXWkbyfSdXaTd7g==",
      "dev": true
    },
    "envfile": {
      "version": "6.14.0",
      "resolved": "https://registry.npmjs.org/envfile/-/envfile-6.14.0.tgz",
      "integrity": "sha512-JxpcaOgJQB/x0XFmNiqFu0BLK22PlI3F0d95of5SOqcLvBlGC0ug7MHYDWnmZqmx9svIue8v0cVcqAygPTyXHQ=="
    },
    "typescript": {
      "version": "4.1.2",
      "resolved": "https://registry.npmjs.org/typescript/-/typescript-4.1.2.tgz",
      "integrity": "sha512-thGloWsGH3SOxv1SoY7QojKi0tc+8FnOmiarEGMbd/lar7QOEd3hvlx3Fp5y6FlDUGl9L+pd4n2e+oToGMmhRQ==",
      "dev": true
    }
  }
}
