# This file is generated by running "yarn install" inside your project.
# Manual changes might be lost - proceed with caution!

__metadata:
  version: 4
  cacheKey: 7

"@mpetuska/application.env@workspace:.":
  version: 0.0.0-use.local
  resolution: "@mpetuska/application.env@workspace:."
  dependencies:
    "@tsconfig/recommended": ^1.0.1
    "@types/node": ^14.14.12
    typescript: ^4.1.2
  languageName: unknown
  linkType: soft

"@tsconfig/recommended@npm:^1.0.1":
  version: 1.0.1
  resolution: "@tsconfig/recommended@npm:1.0.1"
  checksum: 5510ca13427372ca0bea427a18cd70e5e9cab65e6b99bf238613869c447d80db9a05991353db47885e9cfc8a7ce81094d44a1abdff60cf833467187fe8bb863d
  languageName: node
  linkType: hard

"@types/node@npm:^14.14.12":
  version: 14.14.12
  resolution: "@types/node@npm:14.14.12"
  checksum: def4a93f6ba9ea5ccbed7b403988b5e888dcde27c9d00f3f487500a26a36e13826e294fabc6d01ce563059d3567f27ea8c458edc39b502e38659c5154667602b
  languageName: node
  linkType: hard

typescript@^4.1.2:
  version: 4.1.2
  resolution: "typescript@npm:4.1.2"
  bin:
    tsc: bin/tsc
    tsserver: bin/tsserver
  checksum: d2ac373b469e973448c7287d0fbc732dbd34d00d07911b9506bbf81469a80db6613361fc9293d021da357cb7c7da2ee32f56d8ef76446361231374200cd6aee9
  languageName: node
  linkType: hard

"typescript@patch:typescript@^4.1.2#builtin<compat/typescript>":
  version: 4.1.2
  resolution: "typescript@patch:typescript@npm%3A4.1.2#builtin<compat/typescript>::version=4.1.2&hash=cc6730"
  bin:
    tsc: bin/tsc
    tsserver: bin/tsserver
  checksum: 001ab09bb8f597aab1ec43476aedb91b5d547749219273c232bf34cf5a2209d18fa782e64475755115f0907598bb9b503f5e1c0fed06c3651cac584fc88a8172
  languageName: node
  linkType: hard
